
Microsoft Visual Studio Solution File, Format Version 12.00
# Visual Studio Version 17
VisualStudioVersion = 17.9.34902.65
MinimumVisualStudioVersion = 10.0.40219.1
Project("{9A19103F-16F7-4668-BE54-9A1E7A4F7556}") = "ExampleAPI", "ExampleAPI\ExampleAPI.csproj", "{3188D475-CC6C-45D6-9ED0-D201EC8B839A}"
EndProject
Project("{FAE04EC0-301F-11D3-BF4B-00C04F79EFBC}") = "ExampleLibrayPolly", "ExampleLibrayPolly\ExampleLibrayPolly.csproj", "{B40621FD-7063-44C4-B8E3-0DC5778A7311}"
EndProject
Global
	GlobalSection(SolutionConfigurationPlatforms) = preSolution
		Debug|Any CPU = Debug|Any CPU
		Release|Any CPU = Release|Any CPU
	EndGlobalSection
	GlobalSection(ProjectConfigurationPlatforms) = postSolution
		{3188D475-CC6C-45D6-9ED0-D201EC8B839A}.Debug|Any CPU.ActiveCfg = Debug|Any CPU
		{3188D475-CC6C-45D6-9ED0-D201EC8B839A}.Debug|Any CPU.Build.0 = Debug|Any CPU
		{3188D475-CC6C-45D6-9ED0-D201EC8B839A}.Release|Any CPU.ActiveCfg = Release|Any CPU
		{3188D475-CC6C-45D6-9ED0-D201EC8B839A}.Release|Any CPU.Build.0 = Release|Any CPU
		{B40621FD-7063-44C4-B8E3-0DC5778A7311}.Debug|Any CPU.ActiveCfg = Debug|Any CPU
		{B40621FD-7063-44C4-B8E3-0DC5778A7311}.Debug|Any CPU.Build.0 = Debug|Any CPU
		{B40621FD-7063-44C4-B8E3-0DC5778A7311}.Release|Any CPU.ActiveCfg = Release|Any CPU
		{B40621FD-7063-44C4-B8E3-0DC5778A7311}.Release|Any CPU.Build.0 = Release|Any CPU
	EndGlobalSection
	GlobalSection(SolutionProperties) = preSolution
		HideSolutionNode = FALSE
	EndGlobalSection
	GlobalSection(ExtensibilityGlobals) = postSolution
		SolutionGuid = {88213173-4C3A-4EA9-8DA2-C2CBD482D843}
	EndGlobalSection
EndGlobal
